
Microsoft Visual Studio Solution File, Format Version 12.00
# Visual Studio 15
VisualStudioVersion = 15.0.27428.2037
MinimumVisualStudioVersion = 10.0.40219.1
Project("{FAE04EC0-301F-11D3-BF4B-00C04F79EFBC}") = "XMR-Stak Hashrate Viewer", "XMRStakData\XMR-Stak Hashrate Viewer.csproj", "{0018CC86-2BE1-4C88-8DEB-C02EF6269ADA}"
EndProject
Global
	GlobalSection(SolutionConfigurationPlatforms) = preSolution
		Debug|Any CPU = Debug|Any CPU
		Release|Any CPU = Release|Any CPU
	EndGlobalSection
	GlobalSection(ProjectConfigurationPlatforms) = postSolution
		{0018CC86-2BE1-4C88-8DEB-C02EF6269ADA}.Debug|Any CPU.ActiveCfg = Debug|Any CPU
		{0018CC86-2BE1-4C88-8DEB-C02EF6269ADA}.Debug|Any CPU.Build.0 = Debug|Any CPU
		{0018CC86-2BE1-4C88-8DEB-C02EF6269ADA}.Release|Any CPU.ActiveCfg = Release|Any CPU
		{0018CC86-2BE1-4C88-8DEB-C02EF6269ADA}.Release|Any CPU.Build.0 = Release|Any CPU
	EndGlobalSection
	GlobalSection(SolutionProperties) = preSolution
		HideSolutionNode = FALSE
	EndGlobalSection
	GlobalSection(ExtensibilityGlobals) = postSolution
		SolutionGuid = {23AEBEA3-C748-4CC4-9A86-87BE68986FA4}
	EndGlobalSection
EndGlobal
